
Microsoft Visual Studio Solution File, Format Version 12.00
# Visual Studio 15
VisualStudioVersion = 15.0.28010.2026
MinimumVisualStudioVersion = 10.0.40219.1
Project("{FAE04EC0-301F-11D3-BF4B-00C04F79EFBC}") = "AStarSearch", "AStarSearch\AStarSearch.csproj", "{C287D91D-B11B-43FC-800E-2543C1B4F6EF}"
EndProject
Global
	GlobalSection(SolutionConfigurationPlatforms) = preSolution
		Debug|Any CPU = Debug|Any CPU
		Release|Any CPU = Release|Any CPU
	EndGlobalSection
	GlobalSection(ProjectConfigurationPlatforms) = postSolution
		{C287D91D-B11B-43FC-800E-2543C1B4F6EF}.Debug|Any CPU.ActiveCfg = Debug|Any CPU
		{C287D91D-B11B-43FC-800E-2543C1B4F6EF}.Debug|Any CPU.Build.0 = Debug|Any CPU
		{C287D91D-B11B-43FC-800E-2543C1B4F6EF}.Release|Any CPU.ActiveCfg = Release|Any CPU
		{C287D91D-B11B-43FC-800E-2543C1B4F6EF}.Release|Any CPU.Build.0 = Release|Any CPU
	EndGlobalSection
	GlobalSection(SolutionProperties) = preSolution
		HideSolutionNode = FALSE
	EndGlobalSection
	GlobalSection(ExtensibilityGlobals) = postSolution
		SolutionGuid = {E4287D94-6EE6-4D08-93CD-48A278F4297B}
	EndGlobalSection
EndGlobal
