
Microsoft Visual Studio Solution File, Format Version 12.00
# Visual Studio 15
VisualStudioVersion = 15.0.28307.1062
MinimumVisualStudioVersion = 10.0.40219.1
Project("{FAE04EC0-301F-11D3-BF4B-00C04F79EFBC}") = "DesisionTree", "DesisionTree\DesisionTree.csproj", "{67776337-6948-408D-AFF9-D980A3F36B49}"
EndProject
Global
	GlobalSection(SolutionConfigurationPlatforms) = preSolution
		Debug|Any CPU = Debug|Any CPU
		Release|Any CPU = Release|Any CPU
	EndGlobalSection
	GlobalSection(ProjectConfigurationPlatforms) = postSolution
		{67776337-6948-408D-AFF9-D980A3F36B49}.Debug|Any CPU.ActiveCfg = Debug|Any CPU
		{67776337-6948-408D-AFF9-D980A3F36B49}.Debug|Any CPU.Build.0 = Debug|Any CPU
		{67776337-6948-408D-AFF9-D980A3F36B49}.Release|Any CPU.ActiveCfg = Release|Any CPU
		{67776337-6948-408D-AFF9-D980A3F36B49}.Release|Any CPU.Build.0 = Release|Any CPU
	EndGlobalSection
	GlobalSection(SolutionProperties) = preSolution
		HideSolutionNode = FALSE
	EndGlobalSection
	GlobalSection(ExtensibilityGlobals) = postSolution
		SolutionGuid = {F5F7B151-A11A-49E7-BE50-A49E6AE10D9E}
	EndGlobalSection
EndGlobal
